
Microsoft Visual Studio Solution File, Format Version 12.00
# Visual Studio 15
VisualStudioVersion = 15.0.26430.6
MinimumVisualStudioVersion = 10.0.40219.1
Project("{2150E333-8FDC-42A3-9474-1A3956D46DE8}") = "src", "src", "{0CA2F610-6D57-4D1F-92E3-EDCCEDAD8297}"
EndProject
Project("{2150E333-8FDC-42A3-9474-1A3956D46DE8}") = "Solution Items", "Solution Items", "{F72DED29-7BF7-4870-81B4-7AFE91270530}"
	ProjectSection(SolutionItems) = preProject
		.gitignore = .gitignore
		LICENSE = LICENSE
		README.md = README.md
		.github\workflows\dotnetcore.yml = .github\workflows\dotnetcore.yml
	EndProjectSection
EndProject
Project("{FAE04EC0-301F-11D3-BF4B-00C04F79EFBC}") = "eQuantic.Core", "src\eQuantic.Core\eQuantic.Core.csproj", "{E6F4238E-42A3-4A46-B03D-781A76AC919C}"
EndProject
Project("{FAE04EC0-301F-11D3-BF4B-00C04F79EFBC}") = "eQuantic.Core.Tests", "tests\eQuantic.Core.Tests\eQuantic.Core.Tests.csproj", "{6788A9A8-7DB8-4B9E-8B00-B18D8FECAD8B}"
EndProject
Project("{2150E333-8FDC-42A3-9474-1A3956D46DE8}") = "tests", "tests", "{7227B10E-290D-419B-8279-D6E617711938}"
EndProject
Project("{FAE04EC0-301F-11D3-BF4B-00C04F79EFBC}") = "eQuantic.Core.Eventing", "src\eQuantic.Core.Eventing\eQuantic.Core.Eventing.csproj", "{746CB2E5-1888-455A-A1B1-67BD3765A8F7}"
EndProject
Project("{FAE04EC0-301F-11D3-BF4B-00C04F79EFBC}") = "eQuantic.Core.Eventing.Azure", "src\eQuantic.Core.Eventing.Azure\eQuantic.Core.Eventing.Azure.csproj", "{B80078AC-2F12-436A-9224-765DA1CAA470}"
EndProject
Project("{FAE04EC0-301F-11D3-BF4B-00C04F79EFBC}") = "eQuantic.Core.Eventing.AWS", "src\eQuantic.Core.Eventing.AWS\eQuantic.Core.Eventing.AWS.csproj", "{DFF66CED-1FCD-4602-B037-B878A729EBCF}"
EndProject
Project("{FAE04EC0-301F-11D3-BF4B-00C04F79EFBC}") = "eQuantic.Core.Eventing.RabbitMQ", "src\eQuantic.Core.Eventing.RabbitMQ\eQuantic.Core.Eventing.RabbitMQ.csproj", "{604485DE-F3D6-4A8E-AC0C-1E0960C6365E}"
EndProject
Project("{FAE04EC0-301F-11D3-BF4B-00C04F79EFBC}") = "eQuantic.Core.Eventing.Outbox", "src\eQuantic.Core.Eventing.Outbox\eQuantic.Core.Eventing.Outbox.csproj", "{84E3AB75-6A42-4716-B34A-358ECA6E7E8D}"
EndProject
Project("{FAE04EC0-301F-11D3-BF4B-00C04F79EFBC}") = "eQuantic.Core.Eventing.Tests", "tests\eQuantic.Core.Eventing.Tests\eQuantic.Core.Eventing.Tests.csproj", "{720BA152-E50D-4B36-9C07-55FE582E081D}"
EndProject
Global
	GlobalSection(SolutionConfigurationPlatforms) = preSolution
		Debug|Any CPU = Debug|Any CPU
		Debug|x64 = Debug|x64
		Debug|x86 = Debug|x86
		Release|Any CPU = Release|Any CPU
		Release|x64 = Release|x64
		Release|x86 = Release|x86
	EndGlobalSection
	GlobalSection(ProjectConfigurationPlatforms) = postSolution
		{E6F4238E-42A3-4A46-B03D-781A76AC919C}.Debug|Any CPU.ActiveCfg = Debug|Any CPU
		{E6F4238E-42A3-4A46-B03D-781A76AC919C}.Debug|Any CPU.Build.0 = Debug|Any CPU
		{E6F4238E-42A3-4A46-B03D-781A76AC919C}.Debug|x64.ActiveCfg = Debug|Any CPU
		{E6F4238E-42A3-4A46-B03D-781A76AC919C}.Debug|x64.Build.0 = Debug|Any CPU
		{E6F4238E-42A3-4A46-B03D-781A76AC919C}.Debug|x86.ActiveCfg = Debug|Any CPU
		{E6F4238E-42A3-4A46-B03D-781A76AC919C}.Debug|x86.Build.0 = Debug|Any CPU
		{E6F4238E-42A3-4A46-B03D-781A76AC919C}.Release|Any CPU.ActiveCfg = Release|Any CPU
		{E6F4238E-42A3-4A46-B03D-781A76AC919C}.Release|Any CPU.Build.0 = Release|Any CPU
		{E6F4238E-42A3-4A46-B03D-781A76AC919C}.Release|x64.ActiveCfg = Release|Any CPU
		{E6F4238E-42A3-4A46-B03D-781A76AC919C}.Release|x64.Build.0 = Release|Any CPU
		{E6F4238E-42A3-4A46-B03D-781A76AC919C}.Release|x86.ActiveCfg = Release|Any CPU
		{E6F4238E-42A3-4A46-B03D-781A76AC919C}.Release|x86.Build.0 = Release|Any CPU
		{6788A9A8-7DB8-4B9E-8B00-B18D8FECAD8B}.Debug|Any CPU.ActiveCfg = Debug|Any CPU
		{6788A9A8-7DB8-4B9E-8B00-B18D8FECAD8B}.Debug|Any CPU.Build.0 = Debug|Any CPU
		{6788A9A8-7DB8-4B9E-8B00-B18D8FECAD8B}.Debug|x64.ActiveCfg = Debug|Any CPU
		{6788A9A8-7DB8-4B9E-8B00-B18D8FECAD8B}.Debug|x64.Build.0 = Debug|Any CPU
		{6788A9A8-7DB8-4B9E-8B00-B18D8FECAD8B}.Debug|x86.ActiveCfg = Debug|Any CPU
		{6788A9A8-7DB8-4B9E-8B00-B18D8FECAD8B}.Debug|x86.Build.0 = Debug|Any CPU
		{6788A9A8-7DB8-4B9E-8B00-B18D8FECAD8B}.Release|Any CPU.ActiveCfg = Release|Any CPU
		{6788A9A8-7DB8-4B9E-8B00-B18D8FECAD8B}.Release|Any CPU.Build.0 = Release|Any CPU
		{6788A9A8-7DB8-4B9E-8B00-B18D8FECAD8B}.Release|x64.ActiveCfg = Release|Any CPU
		{6788A9A8-7DB8-4B9E-8B00-B18D8FECAD8B}.Release|x64.Build.0 = Release|Any CPU
		{6788A9A8-7DB8-4B9E-8B00-B18D8FECAD8B}.Release|x86.ActiveCfg = Release|Any CPU
		{6788A9A8-7DB8-4B9E-8B00-B18D8FECAD8B}.Release|x86.Build.0 = Release|Any CPU
		{746CB2E5-1888-455A-A1B1-67BD3765A8F7}.Debug|Any CPU.ActiveCfg = Debug|Any CPU
		{746CB2E5-1888-455A-A1B1-67BD3765A8F7}.Debug|Any CPU.Build.0 = Debug|Any CPU
		{746CB2E5-1888-455A-A1B1-67BD3765A8F7}.Debug|x64.ActiveCfg = Debug|Any CPU
		{746CB2E5-1888-455A-A1B1-67BD3765A8F7}.Debug|x64.Build.0 = Debug|Any CPU
		{746CB2E5-1888-455A-A1B1-67BD3765A8F7}.Debug|x86.ActiveCfg = Debug|Any CPU
		{746CB2E5-1888-455A-A1B1-67BD3765A8F7}.Debug|x86.Build.0 = Debug|Any CPU
		{746CB2E5-1888-455A-A1B1-67BD3765A8F7}.Release|Any CPU.ActiveCfg = Release|Any CPU
		{746CB2E5-1888-455A-A1B1-67BD3765A8F7}.Release|Any CPU.Build.0 = Release|Any CPU
		{746CB2E5-1888-455A-A1B1-67BD3765A8F7}.Release|x64.ActiveCfg = Release|Any CPU
		{746CB2E5-1888-455A-A1B1-67BD3765A8F7}.Release|x64.Build.0 = Release|Any CPU
		{746CB2E5-1888-455A-A1B1-67BD3765A8F7}.Release|x86.ActiveCfg = Release|Any CPU
		{746CB2E5-1888-455A-A1B1-67BD3765A8F7}.Release|x86.Build.0 = Release|Any CPU
		{B80078AC-2F12-436A-9224-765DA1CAA470}.Debug|Any CPU.ActiveCfg = Debug|Any CPU
		{B80078AC-2F12-436A-9224-765DA1CAA470}.Debug|Any CPU.Build.0 = Debug|Any CPU
		{B80078AC-2F12-436A-9224-765DA1CAA470}.Debug|x64.ActiveCfg = Debug|Any CPU
		{B80078AC-2F12-436A-9224-765DA1CAA470}.Debug|x64.Build.0 = Debug|Any CPU
		{B80078AC-2F12-436A-9224-765DA1CAA470}.Debug|x86.ActiveCfg = Debug|Any CPU
		{B80078AC-2F12-436A-9224-765DA1CAA470}.Debug|x86.Build.0 = Debug|Any CPU
		{B80078AC-2F12-436A-9224-765DA1CAA470}.Release|Any CPU.ActiveCfg = Release|Any CPU
		{B80078AC-2F12-436A-9224-765DA1CAA470}.Release|Any CPU.Build.0 = Release|Any CPU
		{B80078AC-2F12-436A-9224-765DA1CAA470}.Release|x64.ActiveCfg = Release|Any CPU
		{B80078AC-2F12-436A-9224-765DA1CAA470}.Release|x64.Build.0 = Release|Any CPU
		{B80078AC-2F12-436A-9224-765DA1CAA470}.Release|x86.ActiveCfg = Release|Any CPU
		{B80078AC-2F12-436A-9224-765DA1CAA470}.Release|x86.Build.0 = Release|Any CPU
		{DFF66CED-1FCD-4602-B037-B878A729EBCF}.Debug|Any CPU.ActiveCfg = Debug|Any CPU
		{DFF66CED-1FCD-4602-B037-B878A729EBCF}.Debug|Any CPU.Build.0 = Debug|Any CPU
		{DFF66CED-1FCD-4602-B037-B878A729EBCF}.Debug|x64.ActiveCfg = Debug|Any CPU
		{DFF66CED-1FCD-4602-B037-B878A729EBCF}.Debug|x64.Build.0 = Debug|Any CPU
		{DFF66CED-1FCD-4602-B037-B878A729EBCF}.Debug|x86.ActiveCfg = Debug|Any CPU
		{DFF66CED-1FCD-4602-B037-B878A729EBCF}.Debug|x86.Build.0 = Debug|Any CPU
		{DFF66CED-1FCD-4602-B037-B878A729EBCF}.Release|Any CPU.ActiveCfg = Release|Any CPU
		{DFF66CED-1FCD-4602-B037-B878A729EBCF}.Release|Any CPU.Build.0 = Release|Any CPU
		{DFF66CED-1FCD-4602-B037-B878A729EBCF}.Release|x64.ActiveCfg = Release|Any CPU
		{DFF66CED-1FCD-4602-B037-B878A729EBCF}.Release|x64.Build.0 = Release|Any CPU
		{DFF66CED-1FCD-4602-B037-B878A729EBCF}.Release|x86.ActiveCfg = Release|Any CPU
		{DFF66CED-1FCD-4602-B037-B878A729EBCF}.Release|x86.Build.0 = Release|Any CPU
		{604485DE-F3D6-4A8E-AC0C-1E0960C6365E}.Debug|Any CPU.ActiveCfg = Debug|Any CPU
		{604485DE-F3D6-4A8E-AC0C-1E0960C6365E}.Debug|Any CPU.Build.0 = Debug|Any CPU
		{604485DE-F3D6-4A8E-AC0C-1E0960C6365E}.Debug|x64.ActiveCfg = Debug|Any CPU
		{604485DE-F3D6-4A8E-AC0C-1E0960C6365E}.Debug|x64.Build.0 = Debug|Any CPU
		{604485DE-F3D6-4A8E-AC0C-1E0960C6365E}.Debug|x86.ActiveCfg = Debug|Any CPU
		{604485DE-F3D6-4A8E-AC0C-1E0960C6365E}.Debug|x86.Build.0 = Debug|Any CPU
		{604485DE-F3D6-4A8E-AC0C-1E0960C6365E}.Release|Any CPU.ActiveCfg = Release|Any CPU
		{604485DE-F3D6-4A8E-AC0C-1E0960C6365E}.Release|Any CPU.Build.0 = Release|Any CPU
		{604485DE-F3D6-4A8E-AC0C-1E0960C6365E}.Release|x64.ActiveCfg = Release|Any CPU
		{604485DE-F3D6-4A8E-AC0C-1E0960C6365E}.Release|x64.Build.0 = Release|Any CPU
		{604485DE-F3D6-4A8E-AC0C-1E0960C6365E}.Release|x86.ActiveCfg = Release|Any CPU
		{604485DE-F3D6-4A8E-AC0C-1E0960C6365E}.Release|x86.Build.0 = Release|Any CPU
		{84E3AB75-6A42-4716-B34A-358ECA6E7E8D}.Debug|Any CPU.ActiveCfg = Debug|Any CPU
		{84E3AB75-6A42-4716-B34A-358ECA6E7E8D}.Debug|Any CPU.Build.0 = Debug|Any CPU
		{84E3AB75-6A42-4716-B34A-358ECA6E7E8D}.Debug|x64.ActiveCfg = Debug|Any CPU
		{84E3AB75-6A42-4716-B34A-358ECA6E7E8D}.Debug|x64.Build.0 = Debug|Any CPU
		{84E3AB75-6A42-4716-B34A-358ECA6E7E8D}.Debug|x86.ActiveCfg = Debug|Any CPU
		{84E3AB75-6A42-4716-B34A-358ECA6E7E8D}.Debug|x86.Build.0 = Debug|Any CPU
		{84E3AB75-6A42-4716-B34A-358ECA6E7E8D}.Release|Any CPU.ActiveCfg = Release|Any CPU
		{84E3AB75-6A42-4716-B34A-358ECA6E7E8D}.Release|Any CPU.Build.0 = Release|Any CPU
		{84E3AB75-6A42-4716-B34A-358ECA6E7E8D}.Release|x64.ActiveCfg = Release|Any CPU
		{84E3AB75-6A42-4716-B34A-358ECA6E7E8D}.Release|x64.Build.0 = Release|Any CPU
		{84E3AB75-6A42-4716-B34A-358ECA6E7E8D}.Release|x86.ActiveCfg = Release|Any CPU
		{84E3AB75-6A42-4716-B34A-358ECA6E7E8D}.Release|x86.Build.0 = Release|Any CPU
		{720BA152-E50D-4B36-9C07-55FE582E081D}.Debug|Any CPU.ActiveCfg = Debug|Any CPU
		{720BA152-E50D-4B36-9C07-55FE582E081D}.Debug|Any CPU.Build.0 = Debug|Any CPU
		{720BA152-E50D-4B36-9C07-55FE582E081D}.Debug|x64.ActiveCfg = Debug|Any CPU
		{720BA152-E50D-4B36-9C07-55FE582E081D}.Debug|x64.Build.0 = Debug|Any CPU
		{720BA152-E50D-4B36-9C07-55FE582E081D}.Debug|x86.ActiveCfg = Debug|Any CPU
		{720BA152-E50D-4B36-9C07-55FE582E081D}.Debug|x86.Build.0 = Debug|Any CPU
		{720BA152-E50D-4B36-9C07-55FE582E081D}.Release|Any CPU.ActiveCfg = Release|Any CPU
		{720BA152-E50D-4B36-9C07-55FE582E081D}.Release|Any CPU.Build.0 = Release|Any CPU
		{720BA152-E50D-4B36-9C07-55FE582E081D}.Release|x64.ActiveCfg = Release|Any CPU
		{720BA152-E50D-4B36-9C07-55FE582E081D}.Release|x64.Build.0 = Release|Any CPU
		{720BA152-E50D-4B36-9C07-55FE582E081D}.Release|x86.ActiveCfg = Release|Any CPU
		{720BA152-E50D-4B36-9C07-55FE582E081D}.Release|x86.Build.0 = Release|Any CPU
	EndGlobalSection
	GlobalSection(SolutionProperties) = preSolution
		HideSolutionNode = FALSE
	EndGlobalSection
	GlobalSection(NestedProjects) = preSolution
		{E6F4238E-42A3-4A46-B03D-781A76AC919C} = {0CA2F610-6D57-4D1F-92E3-EDCCEDAD8297}
		{6788A9A8-7DB8-4B9E-8B00-B18D8FECAD8B} = {7227B10E-290D-419B-8279-D6E617711938}
		{746CB2E5-1888-455A-A1B1-67BD3765A8F7} = {0CA2F610-6D57-4D1F-92E3-EDCCEDAD8297}
		{B80078AC-2F12-436A-9224-765DA1CAA470} = {0CA2F610-6D57-4D1F-92E3-EDCCEDAD8297}
		{DFF66CED-1FCD-4602-B037-B878A729EBCF} = {0CA2F610-6D57-4D1F-92E3-EDCCEDAD8297}
		{604485DE-F3D6-4A8E-AC0C-1E0960C6365E} = {0CA2F610-6D57-4D1F-92E3-EDCCEDAD8297}
		{84E3AB75-6A42-4716-B34A-358ECA6E7E8D} = {0CA2F610-6D57-4D1F-92E3-EDCCEDAD8297}
		{720BA152-E50D-4B36-9C07-55FE582E081D} = {7227B10E-290D-419B-8279-D6E617711938}
	EndGlobalSection
	GlobalSection(ExtensibilityGlobals) = postSolution
		SolutionGuid = {0714A2C7-DE4E-4470-83D7-CBC22653FFD4}
	EndGlobalSection
EndGlobal
