
Microsoft Visual Studio Solution File, Format Version 12.00
# Visual Studio 15
VisualStudioVersion = 15.0.26228.9
MinimumVisualStudioVersion = 10.0.40219.1
Project("{2150E333-8FDC-42A3-9474-1A3956D46DE8}") = "src", "src", "{0CA2F610-6D57-4D1F-92E3-EDCCEDAD8297}"
EndProject
Project("{2150E333-8FDC-42A3-9474-1A3956D46DE8}") = "Solution Items", "Solution Items", "{F72DED29-7BF7-4870-81B4-7AFE91270530}"
	ProjectSection(SolutionItems) = preProject
		NuGet.Config = NuGet.Config
	EndProjectSection
EndProject
Project("{9A19103F-16F7-4668-BE54-9A1E7A4F7556}") = "eQuantic.Core", "src\eQuantic.Core\eQuantic.Core.csproj", "{E6F4238E-42A3-4A46-B03D-781A76AC919C}"
EndProject
Project("{9A19103F-16F7-4668-BE54-9A1E7A4F7556}") = "eQuantic.Core.Data", "src\eQuantic.Core.Data\eQuantic.Core.Data.csproj", "{CB16F7E3-5CCA-4346-89F0-6E1CDEB81DFC}"
EndProject
Project("{9A19103F-16F7-4668-BE54-9A1E7A4F7556}") = "eQuantic.Core.Web", "src\eQuantic.Core.Web\eQuantic.Core.Web.csproj", "{4347EC29-7F37-43C7-9B54-A3891341220C}"
EndProject
Project("{9A19103F-16F7-4668-BE54-9A1E7A4F7556}") = "eQuantic.Core.Data.EntityFramework", "src\eQuantic.Core.Data.EntityFramework\eQuantic.Core.Data.EntityFramework.csproj", "{CB4BD082-A5A5-4E9D-A226-1C7B8C505CC2}"
EndProject
Global
	GlobalSection(SolutionConfigurationPlatforms) = preSolution
		Debug|Any CPU = Debug|Any CPU
		Release|Any CPU = Release|Any CPU
	EndGlobalSection
	GlobalSection(ProjectConfigurationPlatforms) = postSolution
		{E6F4238E-42A3-4A46-B03D-781A76AC919C}.Debug|Any CPU.ActiveCfg = Debug|Any CPU
		{E6F4238E-42A3-4A46-B03D-781A76AC919C}.Debug|Any CPU.Build.0 = Debug|Any CPU
		{E6F4238E-42A3-4A46-B03D-781A76AC919C}.Release|Any CPU.ActiveCfg = Release|Any CPU
		{E6F4238E-42A3-4A46-B03D-781A76AC919C}.Release|Any CPU.Build.0 = Release|Any CPU
		{CB16F7E3-5CCA-4346-89F0-6E1CDEB81DFC}.Debug|Any CPU.ActiveCfg = Debug|Any CPU
		{CB16F7E3-5CCA-4346-89F0-6E1CDEB81DFC}.Debug|Any CPU.Build.0 = Debug|Any CPU
		{CB16F7E3-5CCA-4346-89F0-6E1CDEB81DFC}.Release|Any CPU.ActiveCfg = Release|Any CPU
		{CB16F7E3-5CCA-4346-89F0-6E1CDEB81DFC}.Release|Any CPU.Build.0 = Release|Any CPU
		{4347EC29-7F37-43C7-9B54-A3891341220C}.Debug|Any CPU.ActiveCfg = Debug|Any CPU
		{4347EC29-7F37-43C7-9B54-A3891341220C}.Debug|Any CPU.Build.0 = Debug|Any CPU
		{4347EC29-7F37-43C7-9B54-A3891341220C}.Release|Any CPU.ActiveCfg = Release|Any CPU
		{4347EC29-7F37-43C7-9B54-A3891341220C}.Release|Any CPU.Build.0 = Release|Any CPU
		{CB4BD082-A5A5-4E9D-A226-1C7B8C505CC2}.Debug|Any CPU.ActiveCfg = Debug|Any CPU
		{CB4BD082-A5A5-4E9D-A226-1C7B8C505CC2}.Debug|Any CPU.Build.0 = Debug|Any CPU
		{CB4BD082-A5A5-4E9D-A226-1C7B8C505CC2}.Release|Any CPU.ActiveCfg = Release|Any CPU
		{CB4BD082-A5A5-4E9D-A226-1C7B8C505CC2}.Release|Any CPU.Build.0 = Release|Any CPU
	EndGlobalSection
	GlobalSection(SolutionProperties) = preSolution
		HideSolutionNode = FALSE
	EndGlobalSection
	GlobalSection(NestedProjects) = preSolution
		{E6F4238E-42A3-4A46-B03D-781A76AC919C} = {0CA2F610-6D57-4D1F-92E3-EDCCEDAD8297}
		{CB16F7E3-5CCA-4346-89F0-6E1CDEB81DFC} = {0CA2F610-6D57-4D1F-92E3-EDCCEDAD8297}
		{4347EC29-7F37-43C7-9B54-A3891341220C} = {0CA2F610-6D57-4D1F-92E3-EDCCEDAD8297}
		{CB4BD082-A5A5-4E9D-A226-1C7B8C505CC2} = {0CA2F610-6D57-4D1F-92E3-EDCCEDAD8297}
	EndGlobalSection
EndGlobal
